
Microsoft Visual Studio Solution File, Format Version 11.00
# Visual Studio 2010
Project("{FAE04EC0-301F-11D3-BF4B-00C04F79EFBC}") = "Assembly-CSharp", "Assembly-CSharp.csproj", "{A2B71A7E-CF63-C8C8-B093-6164E1F71522}"
EndProject
Project("{FAE04EC0-301F-11D3-BF4B-00C04F79EFBC}") = "Assembly-CSharp-Editor", "Assembly-CSharp-Editor.csproj", "{229AD943-0BE4-AA46-1562-B4C45E675C96}"
EndProject
Global
	GlobalSection(SolutionConfigurationPlatforms) = preSolution
		Debug|Any CPU = Debug|Any CPU
		Release|Any CPU = Release|Any CPU
	EndGlobalSection
	GlobalSection(ProjectConfigurationPlatforms) = postSolution
		{A2B71A7E-CF63-C8C8-B093-6164E1F71522}.Debug|Any CPU.ActiveCfg = Debug|Any CPU
		{A2B71A7E-CF63-C8C8-B093-6164E1F71522}.Debug|Any CPU.Build.0 = Debug|Any CPU
		{A2B71A7E-CF63-C8C8-B093-6164E1F71522}.Release|Any CPU.ActiveCfg = Release|Any CPU
		{A2B71A7E-CF63-C8C8-B093-6164E1F71522}.Release|Any CPU.Build.0 = Release|Any CPU
		{229AD943-0BE4-AA46-1562-B4C45E675C96}.Debug|Any CPU.ActiveCfg = Debug|Any CPU
		{229AD943-0BE4-AA46-1562-B4C45E675C96}.Debug|Any CPU.Build.0 = Debug|Any CPU
		{229AD943-0BE4-AA46-1562-B4C45E675C96}.Release|Any CPU.ActiveCfg = Release|Any CPU
		{229AD943-0BE4-AA46-1562-B4C45E675C96}.Release|Any CPU.Build.0 = Release|Any CPU
	EndGlobalSection
	GlobalSection(SolutionProperties) = preSolution
		HideSolutionNode = FALSE
	EndGlobalSection
EndGlobal
